
Microsoft Visual Studio Solution File, Format Version 12.00
# Visual Studio Version 17
VisualStudioVersion = 17.3.32922.545
MinimumVisualStudioVersion = 10.0.40219.1
Project("{FAE04EC0-301F-11D3-BF4B-00C04F79EFBC}") = "searchAlgorithm", "searchAlgorithm\searchAlgorithm.csproj", "{F93FE565-5326-4794-A8F7-5D5E9C308EEF}"
EndProject
Global
	GlobalSection(SolutionConfigurationPlatforms) = preSolution
		Debug|Any CPU = Debug|Any CPU
		Release|Any CPU = Release|Any CPU
	EndGlobalSection
	GlobalSection(ProjectConfigurationPlatforms) = postSolution
		{F93FE565-5326-4794-A8F7-5D5E9C308EEF}.Debug|Any CPU.ActiveCfg = Debug|Any CPU
		{F93FE565-5326-4794-A8F7-5D5E9C308EEF}.Debug|Any CPU.Build.0 = Debug|Any CPU
		{F93FE565-5326-4794-A8F7-5D5E9C308EEF}.Release|Any CPU.ActiveCfg = Release|Any CPU
		{F93FE565-5326-4794-A8F7-5D5E9C308EEF}.Release|Any CPU.Build.0 = Release|Any CPU
	EndGlobalSection
	GlobalSection(SolutionProperties) = preSolution
		HideSolutionNode = FALSE
	EndGlobalSection
	GlobalSection(ExtensibilityGlobals) = postSolution
		SolutionGuid = {0302AD4E-1CC5-4067-9E2C-3CC8DC4CABF2}
	EndGlobalSection
EndGlobal
